{
  "nodes": {
    "build-node-modules": {
      "inputs": {
        "nixpkgs": "nixpkgs",
        "treefmt-nix": "treefmt-nix"
      },
      "locked": {
        "lastModified": 1739017538,
        "narHash": "sha256-zM3PYoV/iEGWE+fnUOmfxclHgoS3Ic977gahhg8HmgE=",
        "owner": "aabccd021",
        "repo": "build-node-modules",
        "rev": "17e10322c6922f23254a0fab1899024ea065f69e",
        "type": "github"
      },
      "original": {
        "owner": "aabccd021",
        "repo": "build-node-modules",
        "type": "github"
      }
    },
    "nixpkgs": {
      "locked": {
        "lastModified": 1735268880,
        "narHash": "sha256-7QEFnKkzD13SPxs+UFR5bUFN2fRw+GlL0am72ZjNre4=",
        "owner": "nixos",
        "repo": "nixpkgs",
        "rev": "7cc0bff31a3a705d3ac4fdceb030a17239412210",
        "type": "github"
      },
      "original": {
        "owner": "nixos",
        "ref": "nixpkgs-unstable",
        "repo": "nixpkgs",
        "type": "github"
      }
    },
    "nixpkgs_2": {
      "locked": {
        "lastModified": 1735268880,
        "narHash": "sha256-7QEFnKkzD13SPxs+UFR5bUFN2fRw+GlL0am72ZjNre4=",
        "owner": "nixos",
        "repo": "nixpkgs",
        "rev": "7cc0bff31a3a705d3ac4fdceb030a17239412210",
        "type": "github"
      },
      "original": {
        "owner": "nixos",
        "ref": "nixpkgs-unstable",
        "repo": "nixpkgs",
        "type": "github"
      }
    },
    "nixpkgs_3": {
      "locked": {
        "lastModified": 1735268880,
        "narHash": "sha256-7QEFnKkzD13SPxs+UFR5bUFN2fRw+GlL0am72ZjNre4=",
        "owner": "nixos",
        "repo": "nixpkgs",
        "rev": "7cc0bff31a3a705d3ac4fdceb030a17239412210",
        "type": "github"
      },
      "original": {
        "owner": "nixos",
        "ref": "nixpkgs-unstable",
        "repo": "nixpkgs",
        "type": "github"
      }
    },
    "nixpkgs_4": {
      "locked": {
        "lastModified": 1735268880,
        "narHash": "sha256-7QEFnKkzD13SPxs+UFR5bUFN2fRw+GlL0am72ZjNre4=",
        "owner": "nixos",
        "repo": "nixpkgs",
        "rev": "7cc0bff31a3a705d3ac4fdceb030a17239412210",
        "type": "github"
      },
      "original": {
        "owner": "nixos",
        "ref": "nixpkgs-unstable",
        "repo": "nixpkgs",
        "type": "github"
      }
    },
    "root": {
      "inputs": {
        "build-node-modules": "build-node-modules",
        "nixpkgs": "nixpkgs_3",
        "treefmt-nix": "treefmt-nix_2"
      }
    },
    "treefmt-nix": {
      "inputs": {
        "nixpkgs": "nixpkgs_2"
      },
      "locked": {
        "lastModified": 1739829690,
        "narHash": "sha256-mL1szCeIsjh6Khn3nH2cYtwO5YXG6gBiTw1A30iGeDU=",
        "owner": "numtide",
        "repo": "treefmt-nix",
        "rev": "3d0579f5cc93436052d94b73925b48973a104204",
        "type": "github"
      },
      "original": {
        "owner": "numtide",
        "repo": "treefmt-nix",
        "type": "github"
      }
    },
    "treefmt-nix_2": {
      "inputs": {
        "nixpkgs": "nixpkgs_4"
      },
      "locked": {
        "lastModified": 1739829690,
        "narHash": "sha256-mL1szCeIsjh6Khn3nH2cYtwO5YXG6gBiTw1A30iGeDU=",
        "owner": "numtide",
        "repo": "treefmt-nix",
        "rev": "3d0579f5cc93436052d94b73925b48973a104204",
        "type": "github"
      },
      "original": {
        "owner": "numtide",
        "repo": "treefmt-nix",
        "type": "github"
      }
    }
  },
  "root": "root",
  "version": 7
}
